
Microsoft Visual Studio Solution File, Format Version 12.00
Project("{FAE04EC0-301F-11D3-BF4B-00C04F79EFBC}") = "Programovani_2", "Programovani_2\Programovani_2.csproj", "{83085129-62A2-4F5E-A205-063E189281AD}"
EndProject
Project("{FAE04EC0-301F-11D3-BF4B-00C04F79EFBC}") = "Exercism", "Exercism\Exercism.csproj", "{57EC1FD0-9D77-4123-A4C3-08FFD2726C0F}"
EndProject
Global
	GlobalSection(SolutionConfigurationPlatforms) = preSolution
		Debug|Any CPU = Debug|Any CPU
		Release|Any CPU = Release|Any CPU
	EndGlobalSection
	GlobalSection(ProjectConfigurationPlatforms) = postSolution
		{83085129-62A2-4F5E-A205-063E189281AD}.Debug|Any CPU.ActiveCfg = Debug|Any CPU
		{83085129-62A2-4F5E-A205-063E189281AD}.Debug|Any CPU.Build.0 = Debug|Any CPU
		{83085129-62A2-4F5E-A205-063E189281AD}.Release|Any CPU.ActiveCfg = Release|Any CPU
		{83085129-62A2-4F5E-A205-063E189281AD}.Release|Any CPU.Build.0 = Release|Any CPU
		{57EC1FD0-9D77-4123-A4C3-08FFD2726C0F}.Debug|Any CPU.ActiveCfg = Debug|Any CPU
		{57EC1FD0-9D77-4123-A4C3-08FFD2726C0F}.Debug|Any CPU.Build.0 = Debug|Any CPU
		{57EC1FD0-9D77-4123-A4C3-08FFD2726C0F}.Release|Any CPU.ActiveCfg = Release|Any CPU
		{57EC1FD0-9D77-4123-A4C3-08FFD2726C0F}.Release|Any CPU.Build.0 = Release|Any CPU
	EndGlobalSection
EndGlobal
